// !$*UTF8*$!
{
	archiveVersion = 1;
	classes = {
	};
	objectVersion = 46;
	objects = {

/* Begin PBXBuildFile section */
		2B3A9CE01713B46200787D95 /* main.cpp in Sources */ = {isa = PBXBuildFile; fileRef = 2B3A9CDE1713B46200787D95 /* main.cpp */; };
		953FDBAB1867F2F9000F8FF3 /* scanner.cpp in Sources */ = {isa = PBXBuildFile; fileRef = 953FDBA81867F2F9000F8FF3 /* scanner.cpp */; };
		953FDBB41867F33D000F8FF3 /* charstack.cpp in Sources */ = {isa = PBXBuildFile; fileRef = 953FDBB21867F33D000F8FF3 /* charstack.cpp */; };
		953FDBB71867F3CC000F8FF3 /* charstackVec.cpp in Sources */ = {isa = PBXBuildFile; fileRef = 953FDBB51867F3CC000F8FF3 /* charstackVec.cpp */; };
		9564A3BD1874DE2900CEF24A /* rpncalc.cpp in Sources */ = {isa = PBXBuildFile; fileRef = 9564A3BB1874DE2900CEF24A /* rpncalc.cpp */; };
		9564A3C01874E13D00CEF24A /* rationalstack.cpp in Sources */ = {isa = PBXBuildFile; fileRef = 9564A3BE1874E13D00CEF24A /* rationalstack.cpp */; };
		95B1D8351869403D00EE1437 /* rational.cpp in Sources */ = {isa = PBXBuildFile; fileRef = 95B1D8331869403D00EE1437 /* rational.cpp */; };
		E3DDB4120D2F60C500348E1D /* libStanfordCPPLib.a in Frameworks */ = {isa = PBXBuildFile; fileRef = E3DDB4110D2F60C500348E1D /* libStanfordCPPLib.a */; };
/* End PBXBuildFile section */

/* Begin PBXFileReference section */
		2B3A9CDE1713B46200787D95 /* main.cpp */ = {isa = PBXFileReference; fileEncoding = 4; lastKnownFileType = sourcecode.cpp.cpp; path = main.cpp; sourceTree = "<group>"; };
		8D1107310486CEB800E47090 /* Info.plist */ = {isa = PBXFileReference; fileEncoding = 4; lastKnownFileType = text.plist; path = Info.plist; sourceTree = "<group>"; };
		8D1107320486CEB800E47090 /* Ch.9_Coursework.app */ = {isa = PBXFileReference; explicitFileType = wrapper.application; includeInIndex = 0; path = Ch.9_Coursework.app; sourceTree = BUILT_PRODUCTS_DIR; };
		953FDBA81867F2F9000F8FF3 /* scanner.cpp */ = {isa = PBXFileReference; fileEncoding = 4; lastKnownFileType = sourcecode.cpp.cpp; path = scanner.cpp; sourceTree = "<group>"; };
		953FDBA91867F2F9000F8FF3 /* scanner.h */ = {isa = PBXFileReference; fileEncoding = 4; lastKnownFileType = sourcecode.c.h; path = scanner.h; sourceTree = "<group>"; };
		953FDBAA1867F2F9000F8FF3 /* scanpriv.h */ = {isa = PBXFileReference; fileEncoding = 4; lastKnownFileType = sourcecode.c.h; path = scanpriv.h; sourceTree = "<group>"; };
		953FDBB21867F33D000F8FF3 /* charstack.cpp */ = {isa = PBXFileReference; fileEncoding = 4; lastKnownFileType = sourcecode.cpp.cpp; path = charstack.cpp; sourceTree = "<group>"; };
		953FDBB31867F33D000F8FF3 /* charstack.h */ = {isa = PBXFileReference; fileEncoding = 4; lastKnownFileType = sourcecode.c.h; path = charstack.h; sourceTree = "<group>"; };
		953FDBB51867F3CC000F8FF3 /* charstackVec.cpp */ = {isa = PBXFileReference; fileEncoding = 4; lastKnownFileType = sourcecode.cpp.cpp; path = charstackVec.cpp; sourceTree = "<group>"; };
		953FDBB61867F3CC000F8FF3 /* charstackVec.h */ = {isa = PBXFileReference; fileEncoding = 4; lastKnownFileType = sourcecode.c.h; path = charstackVec.h; sourceTree = "<group>"; };
		9564A3BB1874DE2900CEF24A /* rpncalc.cpp */ = {isa = PBXFileReference; fileEncoding = 4; lastKnownFileType = sourcecode.cpp.cpp; path = rpncalc.cpp; sourceTree = "<group>"; };
		9564A3BC1874DE2900CEF24A /* rpncalc.h */ = {isa = PBXFileReference; fileEncoding = 4; lastKnownFileType = sourcecode.c.h; path = rpncalc.h; sourceTree = "<group>"; };
		9564A3BE1874E13D00CEF24A /* rationalstack.cpp */ = {isa = PBXFileReference; fileEncoding = 4; lastKnownFileType = sourcecode.cpp.cpp; path = rationalstack.cpp; sourceTree = "<group>"; };
		9564A3BF1874E13D00CEF24A /* rationalstack.h */ = {isa = PBXFileReference; fileEncoding = 4; lastKnownFileType = sourcecode.c.h; path = rationalstack.h; sourceTree = "<group>"; };
		95B1D8331869403D00EE1437 /* rational.cpp */ = {isa = PBXFileReference; fileEncoding = 4; lastKnownFileType = sourcecode.cpp.cpp; path = rational.cpp; sourceTree = "<group>"; };
		95B1D8341869403D00EE1437 /* rational.h */ = {isa = PBXFileReference; fileEncoding = 4; lastKnownFileType = sourcecode.c.h; path = rational.h; sourceTree = "<group>"; };
		A81255C316B4AC8C00098A07 /* spl.jar */ = {isa = PBXFileReference; lastKnownFileType = archive.jar; path = spl.jar; sourceTree = "<group>"; };
		E3DDB4110D2F60C500348E1D /* libStanfordCPPLib.a */ = {isa = PBXFileReference; lastKnownFileType = archive.ar; name = libStanfordCPPLib.a; path = StanfordCPPLib/libStanfordCPPLib.a; sourceTree = "<group>"; };
/* End PBXFileReference section */

/* Begin PBXFrameworksBuildPhase section */
		8D11072E0486CEB800E47090 /* Frameworks */ = {
			isa = PBXFrameworksBuildPhase;
			buildActionMask = 2147483647;
			files = (
				E3DDB4120D2F60C500348E1D /* libStanfordCPPLib.a in Frameworks */,
			);
			runOnlyForDeploymentPostprocessing = 0;
		};
/* End PBXFrameworksBuildPhase section */

/* Begin PBXGroup section */
		19C28FACFE9D520D11CA2CBB /* Products */ = {
			isa = PBXGroup;
			children = (
				8D1107320486CEB800E47090 /* Ch.9_Coursework.app */,
			);
			name = Products;
			sourceTree = "<group>";
		};
		29B97314FDCFA39411CA2CEA /* Basic */ = {
			isa = PBXGroup;
			children = (
				2B3A9CDE1713B46200787D95 /* main.cpp */,
				95B1D8331869403D00EE1437 /* rational.cpp */,
				95B1D8341869403D00EE1437 /* rational.h */,
				953FDBB51867F3CC000F8FF3 /* charstackVec.cpp */,
				953FDBB61867F3CC000F8FF3 /* charstackVec.h */,
				9564A3BF1874E13D00CEF24A /* rationalstack.h */,
				9564A3BE1874E13D00CEF24A /* rationalstack.cpp */,
				953FDBB31867F33D000F8FF3 /* charstack.h */,
				953FDBB21867F33D000F8FF3 /* charstack.cpp */,
				953FDBA91867F2F9000F8FF3 /* scanner.h */,
				953FDBA81867F2F9000F8FF3 /* scanner.cpp */,
				953FDBAA1867F2F9000F8FF3 /* scanpriv.h */,
				9564A3BB1874DE2900CEF24A /* rpncalc.cpp */,
				9564A3BC1874DE2900CEF24A /* rpncalc.h */,
				29B97317FDCFA39411CA2CEA /* Resources */,
				29B97323FDCFA39411CA2CEA /* Frameworks */,
				19C28FACFE9D520D11CA2CBB /* Products */,
			);
			name = Basic;
			sourceTree = "<group>";
		};
		29B97317FDCFA39411CA2CEA /* Resources */ = {
			isa = PBXGroup;
			children = (
				A81255C316B4AC8C00098A07 /* spl.jar */,
				E3DDB4110D2F60C500348E1D /* libStanfordCPPLib.a */,
				8D1107310486CEB800E47090 /* Info.plist */,
			);
			name = Resources;
			sourceTree = "<group>";
		};
		29B97323FDCFA39411CA2CEA /* Frameworks */ = {
			isa = PBXGroup;
			children = (
			);
			name = Frameworks;
			sourceTree = "<group>";
		};
/* End PBXGroup section */

/* Begin PBXNativeTarget section */
		8D1107260486CEB800E47090 /* Ch.9_Coursework */ = {
			isa = PBXNativeTarget;
			buildConfigurationList = C01FCF4A08A954540054247B /* Build configuration list for PBXNativeTarget "Ch.9_Coursework" */;
			buildPhases = (
				8D1107290486CEB800E47090 /* Resources */,
				8D11072C0486CEB800E47090 /* Sources */,
				8D11072E0486CEB800E47090 /* Frameworks */,
				A80A447516B8AFEF00A10865 /* ShellScript */,
			);
			buildRules = (
			);
			dependencies = (
			);
			name = Ch.9_Coursework;
			productInstallPath = "$(HOME)/Applications";
			productName = Basic;
			productReference = 8D1107320486CEB800E47090 /* Ch.9_Coursework.app */;
			productType = "com.apple.product-type.application";
		};
/* End PBXNativeTarget section */

/* Begin PBXProject section */
		29B97313FDCFA39411CA2CEA /* Project object */ = {
			isa = PBXProject;
			attributes = {
				LastUpgradeCheck = 0500;
			};
			buildConfigurationList = C01FCF4E08A954540054247B /* Build configuration list for PBXProject "Ch.9_Coursework" */;
			compatibilityVersion = "Xcode 3.2";
			developmentRegion = English;
			hasScannedForEncodings = 1;
			knownRegions = (
				English,
				Japanese,
				French,
				German,
			);
			mainGroup = 29B97314FDCFA39411CA2CEA /* Basic */;
			projectDirPath = "";
			projectRoot = "";
			targets = (
				8D1107260486CEB800E47090 /* Ch.9_Coursework */,
			);
		};
/* End PBXProject section */

/* Begin PBXResourcesBuildPhase section */
		8D1107290486CEB800E47090 /* Resources */ = {
			isa = PBXResourcesBuildPhase;
			buildActionMask = 2147483647;
			files = (
			);
			runOnlyForDeploymentPostprocessing = 0;
		};
/* End PBXResourcesBuildPhase section */

/* Begin PBXShellScriptBuildPhase section */
		A80A447516B8AFEF00A10865 /* ShellScript */ = {
			isa = PBXShellScriptBuildPhase;
			buildActionMask = 2147483647;
			files = (
			);
			inputPaths = (
			);
			outputPaths = (
			);
			runOnlyForDeploymentPostprocessing = 0;
			shellPath = /bin/sh;
			shellScript = "cp -r `ls \"$SRCROOT\" | fgrep -v StanfordCPPLib | fgrep -v Info.plist | grep -v '[.]app$' | grep -v '[.]xcodeproj$' | grep -v '[.]o$'` \"$SYMROOT\"";
		};
/* End PBXShellScriptBuildPhase section */

/* Begin PBXSourcesBuildPhase section */
		8D11072C0486CEB800E47090 /* Sources */ = {
			isa = PBXSourcesBuildPhase;
			buildActionMask = 2147483647;
			files = (
				953FDBB41867F33D000F8FF3 /* charstack.cpp in Sources */,
				953FDBAB1867F2F9000F8FF3 /* scanner.cpp in Sources */,
				9564A3C01874E13D00CEF24A /* rationalstack.cpp in Sources */,
				2B3A9CE01713B46200787D95 /* main.cpp in Sources */,
				95B1D8351869403D00EE1437 /* rational.cpp in Sources */,
				953FDBB71867F3CC000F8FF3 /* charstackVec.cpp in Sources */,
				9564A3BD1874DE2900CEF24A /* rpncalc.cpp in Sources */,
			);
			runOnlyForDeploymentPostprocessing = 0;
		};
/* End PBXSourcesBuildPhase section */

/* Begin XCBuildConfiguration section */
		C01FCF4B08A954540054247B /* Debug */ = {
			isa = XCBuildConfiguration;
			buildSettings = {
				ARCHS = "$(ARCHS_STANDARD_32_BIT)";
				COMBINE_HIDPI_IMAGES = YES;
				CONFIGURATION_BUILD_DIR = "/tmp/Blank Project/build";
				COPY_PHASE_STRIP = NO;
				GCC_DYNAMIC_NO_PIC = NO;
				GCC_MODEL_TUNING = G5;
				GCC_OPTIMIZATION_LEVEL = 0;
				INFOPLIST_FILE = Info.plist;
				INSTALL_PATH = "$(HOME)/Applications";
				LIBRARY_SEARCH_PATHS = (
					"$(inherited)",
					"$(LIBRARY_SEARCH_PATHS_QUOTED_1)",
				);
				LIBRARY_SEARCH_PATHS_QUOTED_1 = "\"$(SRCROOT)/StanfordCPPLib\"";
				PRODUCT_NAME = Ch.9_Coursework;
				SDKROOT = macosx;
				SYMROOT = "/tmp/Blank Project/build";
				WRAPPER_EXTENSION = app;
				ZERO_LINK = YES;
			};
			name = Debug;
		};
		C01FCF4F08A954540054247B /* Debug */ = {
			isa = XCBuildConfiguration;
			buildSettings = {
				ARCHS = "$(ARCHS_STANDARD_32_BIT)";
				CONFIGURATION_BUILD_DIR = .;
				GCC_WARN_ABOUT_RETURN_TYPE = YES;
				GCC_WARN_UNUSED_VARIABLE = YES;
				LIBRARY_SEARCH_PATHS = StanfordCPPLib;
				MACOSX_DEPLOYMENT_TARGET = 10.7;
				ONLY_ACTIVE_ARCH = YES;
				OTHER_CFLAGS = "-fstack-check";
				SDKROOT = macosx;
				USER_HEADER_SEARCH_PATHS = StanfordCPPLib;
				WARNING_CFLAGS = (
					"-Wall",
					"-Wno-sign-compare",
				);
			};
			name = Debug;
		};
/* End XCBuildConfiguration section */

/* Begin XCConfigurationList section */
		C01FCF4A08A954540054247B /* Build configuration list for PBXNativeTarget "Ch.9_Coursework" */ = {
			isa = XCConfigurationList;
			buildConfigurations = (
				C01FCF4B08A954540054247B /* Debug */,
			);
			defaultConfigurationIsVisible = 0;
			defaultConfigurationName = Debug;
		};
		C01FCF4E08A954540054247B /* Build configuration list for PBXProject "Ch.9_Coursework" */ = {
			isa = XCConfigurationList;
			buildConfigurations = (
				C01FCF4F08A954540054247B /* Debug */,
			);
			defaultConfigurationIsVisible = 0;
			defaultConfigurationName = Debug;
		};
/* End XCConfigurationList section */
	};
	rootObject = 29B97313FDCFA39411CA2CEA /* Project object */;
}
