// !$*UTF8*$!
{
	archiveVersion = 1;
	classes = {
	};
	objectVersion = 46;
	objects = {

/* Begin PBXBuildFile section */
		9529FF0E17D9F8FF00C3E3E9 /* GenerateGrayCode.cpp in Sources */ = {isa = PBXBuildFile; fileRef = 9529FF0C17D9F8FF00C3E3E9 /* GenerateGrayCode.cpp */; };
		9529FF1117DA8C6800C3E3E9 /* NumberOfPartitions.cpp in Sources */ = {isa = PBXBuildFile; fileRef = 9529FF0F17DA8C6800C3E3E9 /* NumberOfPartitions.cpp */; };
		9537360C17C0018600FFA579 /* ListMnemonics.cpp in Sources */ = {isa = PBXBuildFile; fileRef = 9537360A17C0018600FFA579 /* ListMnemonics.cpp */; };
		9549B6B917A54DB300C5F65E /* main.cpp in Sources */ = {isa = PBXBuildFile; fileRef = 9549B6B717A54DB300C5F65E /* main.cpp */; };
		955097C417D8A7D40070FBA4 /* GenerateBinaryCode.cpp in Sources */ = {isa = PBXBuildFile; fileRef = 955097C217D8A7D40070FBA4 /* GenerateBinaryCode.cpp */; };
		95B57A5917D13D530034D050 /* ListSubsets.cpp in Sources */ = {isa = PBXBuildFile; fileRef = 95B57A5717D13D530034D050 /* ListSubsets.cpp */; };
		95BD1E5E17BEA1CA00446E28 /* HanoiUsingStack.cpp in Sources */ = {isa = PBXBuildFile; fileRef = 95BD1E5C17BEA1CA00446E28 /* HanoiUsingStack.cpp */; };
		95BD1E6117BEAB7900446E28 /* RecursivePermute.cpp in Sources */ = {isa = PBXBuildFile; fileRef = 95BD1E5F17BEAB7900446E28 /* RecursivePermute.cpp */; };
		E3DDB4120D2F60C500348E1D /* libStanfordCPPLib.a in Frameworks */ = {isa = PBXBuildFile; fileRef = E3DDB4110D2F60C500348E1D /* libStanfordCPPLib.a */; };
/* End PBXBuildFile section */

/* Begin PBXFileReference section */
		8D1107310486CEB800E47090 /* Info.plist */ = {isa = PBXFileReference; fileEncoding = 4; lastKnownFileType = text.plist; path = Info.plist; sourceTree = "<group>"; };
		8D1107320486CEB800E47090 /* CourseWork.app */ = {isa = PBXFileReference; explicitFileType = wrapper.application; includeInIndex = 0; path = CourseWork.app; sourceTree = BUILT_PRODUCTS_DIR; };
		9529FF0C17D9F8FF00C3E3E9 /* GenerateGrayCode.cpp */ = {isa = PBXFileReference; fileEncoding = 4; lastKnownFileType = sourcecode.cpp.cpp; path = GenerateGrayCode.cpp; sourceTree = "<group>"; };
		9529FF0F17DA8C6800C3E3E9 /* NumberOfPartitions.cpp */ = {isa = PBXFileReference; fileEncoding = 4; lastKnownFileType = sourcecode.cpp.cpp; path = NumberOfPartitions.cpp; sourceTree = "<group>"; };
		9537360A17C0018600FFA579 /* ListMnemonics.cpp */ = {isa = PBXFileReference; fileEncoding = 4; lastKnownFileType = sourcecode.cpp.cpp; path = ListMnemonics.cpp; sourceTree = "<group>"; };
		9549B6B717A54DB300C5F65E /* main.cpp */ = {isa = PBXFileReference; fileEncoding = 4; lastKnownFileType = sourcecode.cpp.cpp; path = main.cpp; sourceTree = "<group>"; };
		955097C217D8A7D40070FBA4 /* GenerateBinaryCode.cpp */ = {isa = PBXFileReference; fileEncoding = 4; lastKnownFileType = sourcecode.cpp.cpp; path = GenerateBinaryCode.cpp; sourceTree = "<group>"; };
		95B57A5717D13D530034D050 /* ListSubsets.cpp */ = {isa = PBXFileReference; fileEncoding = 4; lastKnownFileType = sourcecode.cpp.cpp; path = ListSubsets.cpp; sourceTree = "<group>"; };
		95BD1E5C17BEA1CA00446E28 /* HanoiUsingStack.cpp */ = {isa = PBXFileReference; fileEncoding = 4; lastKnownFileType = sourcecode.cpp.cpp; path = HanoiUsingStack.cpp; sourceTree = "<group>"; };
		95BD1E5F17BEAB7900446E28 /* RecursivePermute.cpp */ = {isa = PBXFileReference; fileEncoding = 4; lastKnownFileType = sourcecode.cpp.cpp; path = RecursivePermute.cpp; sourceTree = "<group>"; };
		A81255C316B4AC8C00098A07 /* spl.jar */ = {isa = PBXFileReference; lastKnownFileType = archive.jar; path = spl.jar; sourceTree = "<group>"; };
		E3DDB4110D2F60C500348E1D /* libStanfordCPPLib.a */ = {isa = PBXFileReference; lastKnownFileType = archive.ar; name = libStanfordCPPLib.a; path = StanfordCPPLib/libStanfordCPPLib.a; sourceTree = "<group>"; };
/* End PBXFileReference section */

/* Begin PBXFrameworksBuildPhase section */
		8D11072E0486CEB800E47090 /* Frameworks */ = {
			isa = PBXFrameworksBuildPhase;
			buildActionMask = 2147483647;
			files = (
				E3DDB4120D2F60C500348E1D /* libStanfordCPPLib.a in Frameworks */,
			);
			runOnlyForDeploymentPostprocessing = 0;
		};
/* End PBXFrameworksBuildPhase section */

/* Begin PBXGroup section */
		19C28FACFE9D520D11CA2CBB /* Products */ = {
			isa = PBXGroup;
			children = (
				8D1107320486CEB800E47090 /* CourseWork.app */,
			);
			name = Products;
			sourceTree = "<group>";
		};
		29B97314FDCFA39411CA2CEA /* Basic */ = {
			isa = PBXGroup;
			children = (
				9549B6B617A54D3800C5F65E /* Current Code */,
				9549B6B517A54AFE00C5F65E /* Old Coursework */,
				29B97317FDCFA39411CA2CEA /* Resources */,
				29B97323FDCFA39411CA2CEA /* Frameworks */,
				19C28FACFE9D520D11CA2CBB /* Products */,
			);
			name = Basic;
			sourceTree = "<group>";
		};
		29B97317FDCFA39411CA2CEA /* Resources */ = {
			isa = PBXGroup;
			children = (
				A81255C316B4AC8C00098A07 /* spl.jar */,
				E3DDB4110D2F60C500348E1D /* libStanfordCPPLib.a */,
				8D1107310486CEB800E47090 /* Info.plist */,
			);
			name = Resources;
			sourceTree = "<group>";
		};
		29B97323FDCFA39411CA2CEA /* Frameworks */ = {
			isa = PBXGroup;
			children = (
			);
			name = Frameworks;
			sourceTree = "<group>";
		};
		9549B6B517A54AFE00C5F65E /* Old Coursework */ = {
			isa = PBXGroup;
			children = (
			);
			name = "Old Coursework";
			sourceTree = "<group>";
		};
		9549B6B617A54D3800C5F65E /* Current Code */ = {
			isa = PBXGroup;
			children = (
				9549B6B717A54DB300C5F65E /* main.cpp */,
				95BD1E5C17BEA1CA00446E28 /* HanoiUsingStack.cpp */,
				95BD1E5F17BEAB7900446E28 /* RecursivePermute.cpp */,
				9537360A17C0018600FFA579 /* ListMnemonics.cpp */,
				95B57A5717D13D530034D050 /* ListSubsets.cpp */,
				955097C217D8A7D40070FBA4 /* GenerateBinaryCode.cpp */,
				9529FF0C17D9F8FF00C3E3E9 /* GenerateGrayCode.cpp */,
				9529FF0F17DA8C6800C3E3E9 /* NumberOfPartitions.cpp */,
			);
			name = "Current Code";
			sourceTree = "<group>";
		};
/* End PBXGroup section */

/* Begin PBXNativeTarget section */
		8D1107260486CEB800E47090 /* CourseWork */ = {
			isa = PBXNativeTarget;
			buildConfigurationList = C01FCF4A08A954540054247B /* Build configuration list for PBXNativeTarget "CourseWork" */;
			buildPhases = (
				8D1107290486CEB800E47090 /* Resources */,
				8D11072C0486CEB800E47090 /* Sources */,
				8D11072E0486CEB800E47090 /* Frameworks */,
				A80A447516B8AFEF00A10865 /* ShellScript */,
			);
			buildRules = (
			);
			dependencies = (
			);
			name = CourseWork;
			productInstallPath = "$(HOME)/Applications";
			productName = Basic;
			productReference = 8D1107320486CEB800E47090 /* CourseWork.app */;
			productType = "com.apple.product-type.application";
		};
/* End PBXNativeTarget section */

/* Begin PBXProject section */
		29B97313FDCFA39411CA2CEA /* Project object */ = {
			isa = PBXProject;
			attributes = {
				LastUpgradeCheck = 0440;
			};
			buildConfigurationList = C01FCF4E08A954540054247B /* Build configuration list for PBXProject "Ch.6_Coursework" */;
			compatibilityVersion = "Xcode 3.2";
			developmentRegion = English;
			hasScannedForEncodings = 1;
			knownRegions = (
				English,
				Japanese,
				French,
				German,
			);
			mainGroup = 29B97314FDCFA39411CA2CEA /* Basic */;
			projectDirPath = "";
			projectRoot = "";
			targets = (
				8D1107260486CEB800E47090 /* CourseWork */,
			);
		};
/* End PBXProject section */

/* Begin PBXResourcesBuildPhase section */
		8D1107290486CEB800E47090 /* Resources */ = {
			isa = PBXResourcesBuildPhase;
			buildActionMask = 2147483647;
			files = (
			);
			runOnlyForDeploymentPostprocessing = 0;
		};
/* End PBXResourcesBuildPhase section */

/* Begin PBXShellScriptBuildPhase section */
		A80A447516B8AFEF00A10865 /* ShellScript */ = {
			isa = PBXShellScriptBuildPhase;
			buildActionMask = 2147483647;
			files = (
			);
			inputPaths = (
			);
			outputPaths = (
			);
			runOnlyForDeploymentPostprocessing = 0;
			shellPath = /bin/sh;
			shellScript = "cp -r `ls \"$SRCROOT\" | fgrep -v StanfordCPPLib | fgrep -v Info.plist | grep -v '[.]app$' | grep -v '[.]xcodeproj$' | grep -v '[.]o$'` \"$SYMROOT\"";
		};
/* End PBXShellScriptBuildPhase section */

/* Begin PBXSourcesBuildPhase section */
		8D11072C0486CEB800E47090 /* Sources */ = {
			isa = PBXSourcesBuildPhase;
			buildActionMask = 2147483647;
			files = (
				9549B6B917A54DB300C5F65E /* main.cpp in Sources */,
				95BD1E5E17BEA1CA00446E28 /* HanoiUsingStack.cpp in Sources */,
				95BD1E6117BEAB7900446E28 /* RecursivePermute.cpp in Sources */,
				9537360C17C0018600FFA579 /* ListMnemonics.cpp in Sources */,
				95B57A5917D13D530034D050 /* ListSubsets.cpp in Sources */,
				955097C417D8A7D40070FBA4 /* GenerateBinaryCode.cpp in Sources */,
				9529FF0E17D9F8FF00C3E3E9 /* GenerateGrayCode.cpp in Sources */,
				9529FF1117DA8C6800C3E3E9 /* NumberOfPartitions.cpp in Sources */,
			);
			runOnlyForDeploymentPostprocessing = 0;
		};
/* End PBXSourcesBuildPhase section */

/* Begin XCBuildConfiguration section */
		C01FCF4B08A954540054247B /* Debug */ = {
			isa = XCBuildConfiguration;
			buildSettings = {
				COMBINE_HIDPI_IMAGES = YES;
				CONFIGURATION_BUILD_DIR = "/tmp/Blank Project/build";
				COPY_PHASE_STRIP = NO;
				GCC_DYNAMIC_NO_PIC = NO;
				GCC_MODEL_TUNING = G5;
				GCC_OPTIMIZATION_LEVEL = 0;
				INFOPLIST_FILE = Info.plist;
				INSTALL_PATH = "$(HOME)/Applications";
				LIBRARY_SEARCH_PATHS = (
					"$(inherited)",
					"$(LIBRARY_SEARCH_PATHS_QUOTED_1)",
				);
				LIBRARY_SEARCH_PATHS_QUOTED_1 = "\"$(SRCROOT)/StanfordCPPLib\"";
				PRODUCT_NAME = CourseWork;
				SDKROOT = macosx;
				SYMROOT = "/tmp/Blank Project/build";
				WRAPPER_EXTENSION = app;
				ZERO_LINK = YES;
			};
			name = Debug;
		};
		C01FCF4F08A954540054247B /* Debug */ = {
			isa = XCBuildConfiguration;
			buildSettings = {
				CONFIGURATION_BUILD_DIR = .;
				GCC_WARN_ABOUT_RETURN_TYPE = YES;
				GCC_WARN_UNUSED_VARIABLE = YES;
				LIBRARY_SEARCH_PATHS = StanfordCPPLib;
				OTHER_CFLAGS = "-fstack-check";
				SDKROOT = macosx;
				USER_HEADER_SEARCH_PATHS = StanfordCPPLib;
				WARNING_CFLAGS = (
					"-Wall",
					"-Wno-sign-compare",
				);
			};
			name = Debug;
		};
/* End XCBuildConfiguration section */

/* Begin XCConfigurationList section */
		C01FCF4A08A954540054247B /* Build configuration list for PBXNativeTarget "CourseWork" */ = {
			isa = XCConfigurationList;
			buildConfigurations = (
				C01FCF4B08A954540054247B /* Debug */,
			);
			defaultConfigurationIsVisible = 0;
			defaultConfigurationName = Debug;
		};
		C01FCF4E08A954540054247B /* Build configuration list for PBXProject "Ch.6_Coursework" */ = {
			isa = XCConfigurationList;
			buildConfigurations = (
				C01FCF4F08A954540054247B /* Debug */,
			);
			defaultConfigurationIsVisible = 0;
			defaultConfigurationName = Debug;
		};
/* End XCConfigurationList section */
	};
	rootObject = 29B97313FDCFA39411CA2CEA /* Project object */;
}
