// !$*UTF8*$!
{
	archiveVersion = 1;
	classes = {
	};
	objectVersion = 46;
	objects = {

/* Begin PBXBuildFile section */
		2B3A9CE01713B46200787D95 /* main.cpp in Sources */ = {isa = PBXBuildFile; fileRef = 2B3A9CDE1713B46200787D95 /* main.cpp */; };
		9520319717E1FCF500136E5B /* TicTacToe.cpp in Sources */ = {isa = PBXBuildFile; fileRef = 9520319517E1FCF500136E5B /* TicTacToe.cpp */; };
		9541E44217F09B670026AE76 /* KnightsTour.cpp in Sources */ = {isa = PBXBuildFile; fileRef = 9541E44017F09B670026AE76 /* KnightsTour.cpp */; };
		9549EA2517F30BED000CCFE6 /* nQueens.cpp in Sources */ = {isa = PBXBuildFile; fileRef = 9549EA2317F30BED000CCFE6 /* nQueens.cpp */; };
		956C530418271CA600F6707A /* ThreePileNim.cpp in Sources */ = {isa = PBXBuildFile; fileRef = 956C530218271CA600F6707A /* ThreePileNim.cpp */; };
		957C0D0417E0E69000A0A5CC /* nim.cpp in Sources */ = {isa = PBXBuildFile; fileRef = 957C0D0217E0E69000A0A5CC /* nim.cpp */; };
		9580FB96180D68680080D593 /* NimLikeTicTacToe.cpp in Sources */ = {isa = PBXBuildFile; fileRef = 9580FB94180D68680080D593 /* NimLikeTicTacToe.cpp */; };
		9592C45E1810863B0012B6FC /* NimModification.cpp in Sources */ = {isa = PBXBuildFile; fileRef = 9592C45C1810863B0012B6FC /* NimModification.cpp */; };
		95C414FB180487F3004EE828 /* InstantInsanity.cpp in Sources */ = {isa = PBXBuildFile; fileRef = 95C414F9180487F3004EE828 /* InstantInsanity.cpp */; };
		E3DDB4120D2F60C500348E1D /* libStanfordCPPLib.a in Frameworks */ = {isa = PBXBuildFile; fileRef = E3DDB4110D2F60C500348E1D /* libStanfordCPPLib.a */; };
/* End PBXBuildFile section */

/* Begin PBXFileReference section */
		2B3A9CDE1713B46200787D95 /* main.cpp */ = {isa = PBXFileReference; fileEncoding = 4; lastKnownFileType = sourcecode.cpp.cpp; path = main.cpp; sourceTree = "<group>"; };
		8D1107310486CEB800E47090 /* Info.plist */ = {isa = PBXFileReference; fileEncoding = 4; lastKnownFileType = text.plist; path = Info.plist; sourceTree = "<group>"; };
		8D1107320486CEB800E47090 /* Ch.7_Coursework.app */ = {isa = PBXFileReference; explicitFileType = wrapper.application; includeInIndex = 0; path = Ch.7_Coursework.app; sourceTree = BUILT_PRODUCTS_DIR; };
		9520319517E1FCF500136E5B /* TicTacToe.cpp */ = {isa = PBXFileReference; fileEncoding = 4; lastKnownFileType = sourcecode.cpp.cpp; path = TicTacToe.cpp; sourceTree = "<group>"; };
		9520319617E1FCF500136E5B /* TicTacToe.h */ = {isa = PBXFileReference; fileEncoding = 4; lastKnownFileType = sourcecode.c.h; path = TicTacToe.h; sourceTree = "<group>"; };
		9541E44017F09B670026AE76 /* KnightsTour.cpp */ = {isa = PBXFileReference; fileEncoding = 4; lastKnownFileType = sourcecode.cpp.cpp; path = KnightsTour.cpp; sourceTree = "<group>"; };
		9541E44117F09B670026AE76 /* KnightsTour.h */ = {isa = PBXFileReference; fileEncoding = 4; lastKnownFileType = sourcecode.c.h; path = KnightsTour.h; sourceTree = "<group>"; };
		9549EA2317F30BED000CCFE6 /* nQueens.cpp */ = {isa = PBXFileReference; fileEncoding = 4; lastKnownFileType = sourcecode.cpp.cpp; path = nQueens.cpp; sourceTree = "<group>"; };
		9549EA2417F30BED000CCFE6 /* nQueens.h */ = {isa = PBXFileReference; fileEncoding = 4; lastKnownFileType = sourcecode.c.h; path = nQueens.h; sourceTree = "<group>"; };
		956C530218271CA600F6707A /* ThreePileNim.cpp */ = {isa = PBXFileReference; fileEncoding = 4; lastKnownFileType = sourcecode.cpp.cpp; path = ThreePileNim.cpp; sourceTree = "<group>"; };
		956C530318271CA600F6707A /* ThreePileNim.h */ = {isa = PBXFileReference; fileEncoding = 4; lastKnownFileType = sourcecode.c.h; path = ThreePileNim.h; sourceTree = "<group>"; };
		957C0D0217E0E69000A0A5CC /* nim.cpp */ = {isa = PBXFileReference; fileEncoding = 4; lastKnownFileType = sourcecode.cpp.cpp; path = nim.cpp; sourceTree = "<group>"; };
		957C0D0517E10A3C00A0A5CC /* nim.h */ = {isa = PBXFileReference; fileEncoding = 4; lastKnownFileType = sourcecode.c.h; path = nim.h; sourceTree = "<group>"; };
		9580FB94180D68680080D593 /* NimLikeTicTacToe.cpp */ = {isa = PBXFileReference; fileEncoding = 4; lastKnownFileType = sourcecode.cpp.cpp; path = NimLikeTicTacToe.cpp; sourceTree = "<group>"; };
		9580FB95180D68680080D593 /* NimLikeTicTacToe.h */ = {isa = PBXFileReference; fileEncoding = 4; lastKnownFileType = sourcecode.c.h; path = NimLikeTicTacToe.h; sourceTree = "<group>"; };
		9592C45C1810863B0012B6FC /* NimModification.cpp */ = {isa = PBXFileReference; fileEncoding = 4; lastKnownFileType = sourcecode.cpp.cpp; path = NimModification.cpp; sourceTree = "<group>"; };
		9592C45D1810863B0012B6FC /* NimModification.h */ = {isa = PBXFileReference; fileEncoding = 4; lastKnownFileType = sourcecode.c.h; path = NimModification.h; sourceTree = "<group>"; };
		95C414F9180487F3004EE828 /* InstantInsanity.cpp */ = {isa = PBXFileReference; fileEncoding = 4; lastKnownFileType = sourcecode.cpp.cpp; path = InstantInsanity.cpp; sourceTree = "<group>"; };
		95C414FA180487F3004EE828 /* InstantInsanity.h */ = {isa = PBXFileReference; fileEncoding = 4; lastKnownFileType = sourcecode.c.h; path = InstantInsanity.h; sourceTree = "<group>"; };
		A81255C316B4AC8C00098A07 /* spl.jar */ = {isa = PBXFileReference; lastKnownFileType = archive.jar; path = spl.jar; sourceTree = "<group>"; };
		E3DDB4110D2F60C500348E1D /* libStanfordCPPLib.a */ = {isa = PBXFileReference; lastKnownFileType = archive.ar; name = libStanfordCPPLib.a; path = StanfordCPPLib/libStanfordCPPLib.a; sourceTree = "<group>"; };
/* End PBXFileReference section */

/* Begin PBXFrameworksBuildPhase section */
		8D11072E0486CEB800E47090 /* Frameworks */ = {
			isa = PBXFrameworksBuildPhase;
			buildActionMask = 2147483647;
			files = (
				E3DDB4120D2F60C500348E1D /* libStanfordCPPLib.a in Frameworks */,
			);
			runOnlyForDeploymentPostprocessing = 0;
		};
/* End PBXFrameworksBuildPhase section */

/* Begin PBXGroup section */
		19C28FACFE9D520D11CA2CBB /* Products */ = {
			isa = PBXGroup;
			children = (
				8D1107320486CEB800E47090 /* Ch.7_Coursework.app */,
			);
			name = Products;
			sourceTree = "<group>";
		};
		29B97314FDCFA39411CA2CEA /* Basic */ = {
			isa = PBXGroup;
			children = (
				2B3A9CDE1713B46200787D95 /* main.cpp */,
				957C0D0517E10A3C00A0A5CC /* nim.h */,
				957C0D0217E0E69000A0A5CC /* nim.cpp */,
				9520319517E1FCF500136E5B /* TicTacToe.cpp */,
				9520319617E1FCF500136E5B /* TicTacToe.h */,
				9541E44017F09B670026AE76 /* KnightsTour.cpp */,
				9541E44117F09B670026AE76 /* KnightsTour.h */,
				9549EA2317F30BED000CCFE6 /* nQueens.cpp */,
				9549EA2417F30BED000CCFE6 /* nQueens.h */,
				95C414F9180487F3004EE828 /* InstantInsanity.cpp */,
				95C414FA180487F3004EE828 /* InstantInsanity.h */,
				9580FB94180D68680080D593 /* NimLikeTicTacToe.cpp */,
				9580FB95180D68680080D593 /* NimLikeTicTacToe.h */,
				9592C45C1810863B0012B6FC /* NimModification.cpp */,
				9592C45D1810863B0012B6FC /* NimModification.h */,
				956C530218271CA600F6707A /* ThreePileNim.cpp */,
				956C530318271CA600F6707A /* ThreePileNim.h */,
				29B97317FDCFA39411CA2CEA /* Resources */,
				29B97323FDCFA39411CA2CEA /* Frameworks */,
				19C28FACFE9D520D11CA2CBB /* Products */,
			);
			name = Basic;
			sourceTree = "<group>";
		};
		29B97317FDCFA39411CA2CEA /* Resources */ = {
			isa = PBXGroup;
			children = (
				A81255C316B4AC8C00098A07 /* spl.jar */,
				E3DDB4110D2F60C500348E1D /* libStanfordCPPLib.a */,
				8D1107310486CEB800E47090 /* Info.plist */,
			);
			name = Resources;
			sourceTree = "<group>";
		};
		29B97323FDCFA39411CA2CEA /* Frameworks */ = {
			isa = PBXGroup;
			children = (
			);
			name = Frameworks;
			sourceTree = "<group>";
		};
/* End PBXGroup section */

/* Begin PBXNativeTarget section */
		8D1107260486CEB800E47090 /* Ch.7_Coursework */ = {
			isa = PBXNativeTarget;
			buildConfigurationList = C01FCF4A08A954540054247B /* Build configuration list for PBXNativeTarget "Ch.7_Coursework" */;
			buildPhases = (
				8D1107290486CEB800E47090 /* Resources */,
				8D11072C0486CEB800E47090 /* Sources */,
				8D11072E0486CEB800E47090 /* Frameworks */,
				A80A447516B8AFEF00A10865 /* ShellScript */,
			);
			buildRules = (
			);
			dependencies = (
			);
			name = Ch.7_Coursework;
			productInstallPath = "$(HOME)/Applications";
			productName = Basic;
			productReference = 8D1107320486CEB800E47090 /* Ch.7_Coursework.app */;
			productType = "com.apple.product-type.application";
		};
/* End PBXNativeTarget section */

/* Begin PBXProject section */
		29B97313FDCFA39411CA2CEA /* Project object */ = {
			isa = PBXProject;
			attributes = {
				LastUpgradeCheck = 0500;
			};
			buildConfigurationList = C01FCF4E08A954540054247B /* Build configuration list for PBXProject "Ch.7_Coursework" */;
			compatibilityVersion = "Xcode 3.2";
			developmentRegion = English;
			hasScannedForEncodings = 1;
			knownRegions = (
				English,
				Japanese,
				French,
				German,
			);
			mainGroup = 29B97314FDCFA39411CA2CEA /* Basic */;
			projectDirPath = "";
			projectRoot = "";
			targets = (
				8D1107260486CEB800E47090 /* Ch.7_Coursework */,
			);
		};
/* End PBXProject section */

/* Begin PBXResourcesBuildPhase section */
		8D1107290486CEB800E47090 /* Resources */ = {
			isa = PBXResourcesBuildPhase;
			buildActionMask = 2147483647;
			files = (
			);
			runOnlyForDeploymentPostprocessing = 0;
		};
/* End PBXResourcesBuildPhase section */

/* Begin PBXShellScriptBuildPhase section */
		A80A447516B8AFEF00A10865 /* ShellScript */ = {
			isa = PBXShellScriptBuildPhase;
			buildActionMask = 2147483647;
			files = (
			);
			inputPaths = (
			);
			outputPaths = (
			);
			runOnlyForDeploymentPostprocessing = 0;
			shellPath = /bin/sh;
			shellScript = "cp -r `ls \"$SRCROOT\" | fgrep -v StanfordCPPLib | fgrep -v Info.plist | grep -v '[.]app$' | grep -v '[.]xcodeproj$' | grep -v '[.]o$'` \"$SYMROOT\"";
		};
/* End PBXShellScriptBuildPhase section */

/* Begin PBXSourcesBuildPhase section */
		8D11072C0486CEB800E47090 /* Sources */ = {
			isa = PBXSourcesBuildPhase;
			buildActionMask = 2147483647;
			files = (
				2B3A9CE01713B46200787D95 /* main.cpp in Sources */,
				95C414FB180487F3004EE828 /* InstantInsanity.cpp in Sources */,
				9580FB96180D68680080D593 /* NimLikeTicTacToe.cpp in Sources */,
				9549EA2517F30BED000CCFE6 /* nQueens.cpp in Sources */,
				957C0D0417E0E69000A0A5CC /* nim.cpp in Sources */,
				9541E44217F09B670026AE76 /* KnightsTour.cpp in Sources */,
				9592C45E1810863B0012B6FC /* NimModification.cpp in Sources */,
				956C530418271CA600F6707A /* ThreePileNim.cpp in Sources */,
				9520319717E1FCF500136E5B /* TicTacToe.cpp in Sources */,
			);
			runOnlyForDeploymentPostprocessing = 0;
		};
/* End PBXSourcesBuildPhase section */

/* Begin XCBuildConfiguration section */
		C01FCF4B08A954540054247B /* Debug */ = {
			isa = XCBuildConfiguration;
			buildSettings = {
				ARCHS = "$(ARCHS_STANDARD_32_BIT)";
				COMBINE_HIDPI_IMAGES = YES;
				CONFIGURATION_BUILD_DIR = "/tmp/Blank Project/build";
				COPY_PHASE_STRIP = NO;
				GCC_DYNAMIC_NO_PIC = NO;
				GCC_MODEL_TUNING = G5;
				GCC_OPTIMIZATION_LEVEL = 0;
				INFOPLIST_FILE = Info.plist;
				INSTALL_PATH = "$(HOME)/Applications";
				LIBRARY_SEARCH_PATHS = (
					"$(inherited)",
					"$(LIBRARY_SEARCH_PATHS_QUOTED_1)",
				);
				LIBRARY_SEARCH_PATHS_QUOTED_1 = "\"$(SRCROOT)/StanfordCPPLib\"";
				PRODUCT_NAME = Ch.7_Coursework;
				SDKROOT = macosx;
				SYMROOT = "/tmp/Blank Project/build";
				WRAPPER_EXTENSION = app;
				ZERO_LINK = YES;
			};
			name = Debug;
		};
		C01FCF4F08A954540054247B /* Debug */ = {
			isa = XCBuildConfiguration;
			buildSettings = {
				ARCHS = "$(ARCHS_STANDARD_32_64_BIT)";
				CONFIGURATION_BUILD_DIR = .;
				GCC_WARN_ABOUT_RETURN_TYPE = YES;
				GCC_WARN_UNUSED_VARIABLE = YES;
				LIBRARY_SEARCH_PATHS = StanfordCPPLib;
				MACOSX_DEPLOYMENT_TARGET = 10.7;
				ONLY_ACTIVE_ARCH = NO;
				OTHER_CFLAGS = "-fstack-check";
				SDKROOT = macosx;
				USER_HEADER_SEARCH_PATHS = StanfordCPPLib;
				WARNING_CFLAGS = (
					"-Wall",
					"-Wno-sign-compare",
				);
			};
			name = Debug;
		};
/* End XCBuildConfiguration section */

/* Begin XCConfigurationList section */
		C01FCF4A08A954540054247B /* Build configuration list for PBXNativeTarget "Ch.7_Coursework" */ = {
			isa = XCConfigurationList;
			buildConfigurations = (
				C01FCF4B08A954540054247B /* Debug */,
			);
			defaultConfigurationIsVisible = 0;
			defaultConfigurationName = Debug;
		};
		C01FCF4E08A954540054247B /* Build configuration list for PBXProject "Ch.7_Coursework" */ = {
			isa = XCConfigurationList;
			buildConfigurations = (
				C01FCF4F08A954540054247B /* Debug */,
			);
			defaultConfigurationIsVisible = 0;
			defaultConfigurationName = Debug;
		};
/* End XCConfigurationList section */
	};
	rootObject = 29B97313FDCFA39411CA2CEA /* Project object */;
}
